// !$*UTF8*$!
{
	archiveVersion = 1;
	classes = {
	};
	objectVersion = 46;
	objects = {

/* Begin PBXBuildFile section */
		3E4C13BC1DA9DE60006641D4 /* main.m in Sources */ = {isa = PBXBuildFile; fileRef = 3E4C13BB1DA9DE60006641D4 /* main.m */; };
		3E4C13BF1DA9DE60006641D4 /* AppDelegate.m in Sources */ = {isa = PBXBuildFile; fileRef = 3E4C13BE1DA9DE60006641D4 /* AppDelegate.m */; };
		3E4C13C21DA9DE60006641D4 /* ViewController.m in Sources */ = {isa = PBXBuildFile; fileRef = 3E4C13C11DA9DE60006641D4 /* ViewController.m */; };
		3E4C13C51DA9DE60006641D4 /* Main.storyboard in Resources */ = {isa = PBXBuildFile; fileRef = 3E4C13C31DA9DE60006641D4 /* Main.storyboard */; };
		3E4C13C81DA9DE60006641D4 /* TestTwoPic.xcdatamodeld in Sources */ = {isa = PBXBuildFile; fileRef = 3E4C13C61DA9DE60006641D4 /* TestTwoPic.xcdatamodeld */; };
		3E4C13CA1DA9DE60006641D4 /* Assets.xcassets in Resources */ = {isa = PBXBuildFile; fileRef = 3E4C13C91DA9DE60006641D4 /* Assets.xcassets */; };
		3E4C13CD1DA9DE60006641D4 /* LaunchScreen.storyboard in Resources */ = {isa = PBXBuildFile; fileRef = 3E4C13CB1DA9DE60006641D4 /* LaunchScreen.storyboard */; };
		3E4C13D81DA9DE60006641D4 /* TestTwoPicTests.m in Sources */ = {isa = PBXBuildFile; fileRef = 3E4C13D71DA9DE60006641D4 /* TestTwoPicTests.m */; };
		3E4C13E31DA9DE60006641D4 /* TestTwoPicUITests.m in Sources */ = {isa = PBXBuildFile; fileRef = 3E4C13E21DA9DE60006641D4 /* TestTwoPicUITests.m */; };
/* End PBXBuildFile section */

/* Begin PBXContainerItemProxy section */
		3E4C13D41DA9DE60006641D4 /* PBXContainerItemProxy */ = {
			isa = PBXContainerItemProxy;
			containerPortal = 3E4C13AF1DA9DE60006641D4 /* Project object */;
			proxyType = 1;
			remoteGlobalIDString = 3E4C13B61DA9DE60006641D4;
			remoteInfo = TestTwoPic;
		};
		3E4C13DF1DA9DE60006641D4 /* PBXContainerItemProxy */ = {
			isa = PBXContainerItemProxy;
			containerPortal = 3E4C13AF1DA9DE60006641D4 /* Project object */;
			proxyType = 1;
			remoteGlobalIDString = 3E4C13B61DA9DE60006641D4;
			remoteInfo = TestTwoPic;
		};
/* End PBXContainerItemProxy section */

/* Begin PBXFileReference section */
		3E4C13B71DA9DE60006641D4 /* TestTwoPic.app */ = {isa = PBXFileReference; explicitFileType = wrapper.application; includeInIndex = 0; path = TestTwoPic.app; sourceTree = BUILT_PRODUCTS_DIR; };
		3E4C13BB1DA9DE60006641D4 /* main.m */ = {isa = PBXFileReference; lastKnownFileType = sourcecode.c.objc; path = main.m; sourceTree = "<group>"; };
		3E4C13BD1DA9DE60006641D4 /* AppDelegate.h */ = {isa = PBXFileReference; lastKnownFileType = sourcecode.c.h; path = AppDelegate.h; sourceTree = "<group>"; };
		3E4C13BE1DA9DE60006641D4 /* AppDelegate.m */ = {isa = PBXFileReference; lastKnownFileType = sourcecode.c.objc; path = AppDelegate.m; sourceTree = "<group>"; };
		3E4C13C01DA9DE60006641D4 /* ViewController.h */ = {isa = PBXFileReference; lastKnownFileType = sourcecode.c.h; path = ViewController.h; sourceTree = "<group>"; };
		3E4C13C11DA9DE60006641D4 /* ViewController.m */ = {isa = PBXFileReference; lastKnownFileType = sourcecode.c.objc; path = ViewController.m; sourceTree = "<group>"; };
		3E4C13C41DA9DE60006641D4 /* Base */ = {isa = PBXFileReference; lastKnownFileType = file.storyboard; name = Base; path = Base.lproj/Main.storyboard; sourceTree = "<group>"; };
		3E4C13C71DA9DE60006641D4 /* TestTwoPic.xcdatamodel */ = {isa = PBXFileReference; lastKnownFileType = wrapper.xcdatamodel; path = TestTwoPic.xcdatamodel; sourceTree = "<group>"; };
		3E4C13C91DA9DE60006641D4 /* Assets.xcassets */ = {isa = PBXFileReference; lastKnownFileType = folder.assetcatalog; path = Assets.xcassets; sourceTree = "<group>"; };
		3E4C13CC1DA9DE60006641D4 /* Base */ = {isa = PBXFileReference; lastKnownFileType = file.storyboard; name = Base; path = Base.lproj/LaunchScreen.storyboard; sourceTree = "<group>"; };
		3E4C13CE1DA9DE60006641D4 /* Info.plist */ = {isa = PBXFileReference; lastKnownFileType = text.plist.xml; path = Info.plist; sourceTree = "<group>"; };
		3E4C13D31DA9DE60006641D4 /* TestTwoPicTests.xctest */ = {isa = PBXFileReference; explicitFileType = wrapper.cfbundle; includeInIndex = 0; path = TestTwoPicTests.xctest; sourceTree = BUILT_PRODUCTS_DIR; };
		3E4C13D71DA9DE60006641D4 /* TestTwoPicTests.m */ = {isa = PBXFileReference; lastKnownFileType = sourcecode.c.objc; path = TestTwoPicTests.m; sourceTree = "<group>"; };
		3E4C13D91DA9DE60006641D4 /* Info.plist */ = {isa = PBXFileReference; lastKnownFileType = text.plist.xml; path = Info.plist; sourceTree = "<group>"; };
		3E4C13DE1DA9DE60006641D4 /* TestTwoPicUITests.xctest */ = {isa = PBXFileReference; explicitFileType = wrapper.cfbundle; includeInIndex = 0; path = TestTwoPicUITests.xctest; sourceTree = BUILT_PRODUCTS_DIR; };
		3E4C13E21DA9DE60006641D4 /* TestTwoPicUITests.m */ = {isa = PBXFileReference; lastKnownFileType = sourcecode.c.objc; path = TestTwoPicUITests.m; sourceTree = "<group>"; };
		3E4C13E41DA9DE60006641D4 /* Info.plist */ = {isa = PBXFileReference; lastKnownFileType = text.plist.xml; path = Info.plist; sourceTree = "<group>"; };
/* End PBXFileReference section */

/* Begin PBXFrameworksBuildPhase section */
		3E4C13B41DA9DE60006641D4 /* Frameworks */ = {
			isa = PBXFrameworksBuildPhase;
			buildActionMask = 2147483647;
			files = (
			);
			runOnlyForDeploymentPostprocessing = 0;
		};
		3E4C13D01DA9DE60006641D4 /* Frameworks */ = {
			isa = PBXFrameworksBuildPhase;
			buildActionMask = 2147483647;
			files = (
			);
			runOnlyForDeploymentPostprocessing = 0;
		};
		3E4C13DB1DA9DE60006641D4 /* Frameworks */ = {
			isa = PBXFrameworksBuildPhase;
			buildActionMask = 2147483647;
			files = (
			);
			runOnlyForDeploymentPostprocessing = 0;
		};
/* End PBXFrameworksBuildPhase section */

/* Begin PBXGroup section */
		3E4C13AE1DA9DE60006641D4 = {
			isa = PBXGroup;
			children = (
				3E4C13B91DA9DE60006641D4 /* TestTwoPic */,
				3E4C13D61DA9DE60006641D4 /* TestTwoPicTests */,
				3E4C13E11DA9DE60006641D4 /* TestTwoPicUITests */,
				3E4C13B81DA9DE60006641D4 /* Products */,
			);
			sourceTree = "<group>";
		};
		3E4C13B81DA9DE60006641D4 /* Products */ = {
			isa = PBXGroup;
			children = (
				3E4C13B71DA9DE60006641D4 /* TestTwoPic.app */,
				3E4C13D31DA9DE60006641D4 /* TestTwoPicTests.xctest */,
				3E4C13DE1DA9DE60006641D4 /* TestTwoPicUITests.xctest */,
			);
			name = Products;
			sourceTree = "<group>";
		};
		3E4C13B91DA9DE60006641D4 /* TestTwoPic */ = {
			isa = PBXGroup;
			children = (
				3E4C13BD1DA9DE60006641D4 /* AppDelegate.h */,
				3E4C13BE1DA9DE60006641D4 /* AppDelegate.m */,
				3E4C13C01DA9DE60006641D4 /* ViewController.h */,
				3E4C13C11DA9DE60006641D4 /* ViewController.m */,
				3E4C13C31DA9DE60006641D4 /* Main.storyboard */,
				3E4C13C91DA9DE60006641D4 /* Assets.xcassets */,
				3E4C13CB1DA9DE60006641D4 /* LaunchScreen.storyboard */,
				3E4C13CE1DA9DE60006641D4 /* Info.plist */,
				3E4C13C61DA9DE60006641D4 /* TestTwoPic.xcdatamodeld */,
				3E4C13BA1DA9DE60006641D4 /* Supporting Files */,
			);
			path = TestTwoPic;
			sourceTree = "<group>";
		};
		3E4C13BA1DA9DE60006641D4 /* Supporting Files */ = {
			isa = PBXGroup;
			children = (
				3E4C13BB1DA9DE60006641D4 /* main.m */,
			);
			name = "Supporting Files";
			sourceTree = "<group>";
		};
		3E4C13D61DA9DE60006641D4 /* TestTwoPicTests */ = {
			isa = PBXGroup;
			children = (
				3E4C13D71DA9DE60006641D4 /* TestTwoPicTests.m */,
				3E4C13D91DA9DE60006641D4 /* Info.plist */,
			);
			path = TestTwoPicTests;
			sourceTree = "<group>";
		};
		3E4C13E11DA9DE60006641D4 /* TestTwoPicUITests */ = {
			isa = PBXGroup;
			children = (
				3E4C13E21DA9DE60006641D4 /* TestTwoPicUITests.m */,
				3E4C13E41DA9DE60006641D4 /* Info.plist */,
			);
			path = TestTwoPicUITests;
			sourceTree = "<group>";
		};
/* End PBXGroup section */

/* Begin PBXNativeTarget section */
		3E4C13B61DA9DE60006641D4 /* TestTwoPic */ = {
			isa = PBXNativeTarget;
			buildConfigurationList = 3E4C13E71DA9DE60006641D4 /* Build configuration list for PBXNativeTarget "TestTwoPic" */;
			buildPhases = (
				3E4C13B31DA9DE60006641D4 /* Sources */,
				3E4C13B41DA9DE60006641D4 /* Frameworks */,
				3E4C13B51DA9DE60006641D4 /* Resources */,
			);
			buildRules = (
			);
			dependencies = (
			);
			name = TestTwoPic;
			productName = TestTwoPic;
			productReference = 3E4C13B71DA9DE60006641D4 /* TestTwoPic.app */;
			productType = "com.apple.product-type.application";
		};
		3E4C13D21DA9DE60006641D4 /* TestTwoPicTests */ = {
			isa = PBXNativeTarget;
			buildConfigurationList = 3E4C13EA1DA9DE60006641D4 /* Build configuration list for PBXNativeTarget "TestTwoPicTests" */;
			buildPhases = (
				3E4C13CF1DA9DE60006641D4 /* Sources */,
				3E4C13D01DA9DE60006641D4 /* Frameworks */,
				3E4C13D11DA9DE60006641D4 /* Resources */,
			);
			buildRules = (
			);
			dependencies = (
				3E4C13D51DA9DE60006641D4 /* PBXTargetDependency */,
			);
			name = TestTwoPicTests;
			productName = TestTwoPicTests;
			productReference = 3E4C13D31DA9DE60006641D4 /* TestTwoPicTests.xctest */;
			productType = "com.apple.product-type.bundle.unit-test";
		};
		3E4C13DD1DA9DE60006641D4 /* TestTwoPicUITests */ = {
			isa = PBXNativeTarget;
			buildConfigurationList = 3E4C13ED1DA9DE60006641D4 /* Build configuration list for PBXNativeTarget "TestTwoPicUITests" */;
			buildPhases = (
				3E4C13DA1DA9DE60006641D4 /* Sources */,
				3E4C13DB1DA9DE60006641D4 /* Frameworks */,
				3E4C13DC1DA9DE60006641D4 /* Resources */,
			);
			buildRules = (
			);
			dependencies = (
				3E4C13E01DA9DE60006641D4 /* PBXTargetDependency */,
			);
			name = TestTwoPicUITests;
			productName = TestTwoPicUITests;
			productReference = 3E4C13DE1DA9DE60006641D4 /* TestTwoPicUITests.xctest */;
			productType = "com.apple.product-type.bundle.ui-testing";
		};
/* End PBXNativeTarget section */

/* Begin PBXProject section */
		3E4C13AF1DA9DE60006641D4 /* Project object */ = {
			isa = PBXProject;
			attributes = {
				LastUpgradeCheck = 0730;
				ORGANIZATIONNAME = "李娜";
				TargetAttributes = {
					3E4C13B61DA9DE60006641D4 = {
						CreatedOnToolsVersion = 7.3.1;
					};
					3E4C13D21DA9DE60006641D4 = {
						CreatedOnToolsVersion = 7.3.1;
						TestTargetID = 3E4C13B61DA9DE60006641D4;
					};
					3E4C13DD1DA9DE60006641D4 = {
						CreatedOnToolsVersion = 7.3.1;
						TestTargetID = 3E4C13B61DA9DE60006641D4;
					};
				};
			};
			buildConfigurationList = 3E4C13B21DA9DE60006641D4 /* Build configuration list for PBXProject "TestTwoPic" */;
			compatibilityVersion = "Xcode 3.2";
			developmentRegion = English;
			hasScannedForEncodings = 0;
			knownRegions = (
				en,
				Base,
			);
			mainGroup = 3E4C13AE1DA9DE60006641D4;
			productRefGroup = 3E4C13B81DA9DE60006641D4 /* Products */;
			projectDirPath = "";
			projectRoot = "";
			targets = (
				3E4C13B61DA9DE60006641D4 /* TestTwoPic */,
				3E4C13D21DA9DE60006641D4 /* TestTwoPicTests */,
				3E4C13DD1DA9DE60006641D4 /* TestTwoPicUITests */,
			);
		};
/* End PBXProject section */

/* Begin PBXResourcesBuildPhase section */
		3E4C13B51DA9DE60006641D4 /* Resources */ = {
			isa = PBXResourcesBuildPhase;
			buildActionMask = 2147483647;
			files = (
				3E4C13CD1DA9DE60006641D4 /* LaunchScreen.storyboard in Resources */,
				3E4C13CA1DA9DE60006641D4 /* Assets.xcassets in Resources */,
				3E4C13C51DA9DE60006641D4 /* Main.storyboard in Resources */,
			);
			runOnlyForDeploymentPostprocessing = 0;
		};
		3E4C13D11DA9DE60006641D4 /* Resources */ = {
			isa = PBXResourcesBuildPhase;
			buildActionMask = 2147483647;
			files = (
			);
			runOnlyForDeploymentPostprocessing = 0;
		};
		3E4C13DC1DA9DE60006641D4 /* Resources */ = {
			isa = PBXResourcesBuildPhase;
			buildActionMask = 2147483647;
			files = (
			);
			runOnlyForDeploymentPostprocessing = 0;
		};
/* End PBXResourcesBuildPhase section */

/* Begin PBXSourcesBuildPhase section */
		3E4C13B31DA9DE60006641D4 /* Sources */ = {
			isa = PBXSourcesBuildPhase;
			buildActionMask = 2147483647;
			files = (
				3E4C13C21DA9DE60006641D4 /* ViewController.m in Sources */,
				3E4C13C81DA9DE60006641D4 /* TestTwoPic.xcdatamodeld in Sources */,
				3E4C13BF1DA9DE60006641D4 /* AppDelegate.m in Sources */,
				3E4C13BC1DA9DE60006641D4 /* main.m in Sources */,
			);
			runOnlyForDeploymentPostprocessing = 0;
		};
		3E4C13CF1DA9DE60006641D4 /* Sources */ = {
			isa = PBXSourcesBuildPhase;
			buildActionMask = 2147483647;
			files = (
				3E4C13D81DA9DE60006641D4 /* TestTwoPicTests.m in Sources */,
			);
			runOnlyForDeploymentPostprocessing = 0;
		};
		3E4C13DA1DA9DE60006641D4 /* Sources */ = {
			isa = PBXSourcesBuildPhase;
			buildActionMask = 2147483647;
			files = (
				3E4C13E31DA9DE60006641D4 /* TestTwoPicUITests.m in Sources */,
			);
			runOnlyForDeploymentPostprocessing = 0;
		};
/* End PBXSourcesBuildPhase section */

/* Begin PBXTargetDependency section */
		3E4C13D51DA9DE60006641D4 /* PBXTargetDependency */ = {
			isa = PBXTargetDependency;
			target = 3E4C13B61DA9DE60006641D4 /* TestTwoPic */;
			targetProxy = 3E4C13D41DA9DE60006641D4 /* PBXContainerItemProxy */;
		};
		3E4C13E01DA9DE60006641D4 /* PBXTargetDependency */ = {
			isa = PBXTargetDependency;
			target = 3E4C13B61DA9DE60006641D4 /* TestTwoPic */;
			targetProxy = 3E4C13DF1DA9DE60006641D4 /* PBXContainerItemProxy */;
		};
/* End PBXTargetDependency section */

/* Begin PBXVariantGroup section */
		3E4C13C31DA9DE60006641D4 /* Main.storyboard */ = {
			isa = PBXVariantGroup;
			children = (
				3E4C13C41DA9DE60006641D4 /* Base */,
			);
			name = Main.storyboard;
			sourceTree = "<group>";
		};
		3E4C13CB1DA9DE60006641D4 /* LaunchScreen.storyboard */ = {
			isa = PBXVariantGroup;
			children = (
				3E4C13CC1DA9DE60006641D4 /* Base */,
			);
			name = LaunchScreen.storyboard;
			sourceTree = "<group>";
		};
/* End PBXVariantGroup section */

/* Begin XCBuildConfiguration section */
		3E4C13E51DA9DE60006641D4 /* Debug */ = {
			isa = XCBuildConfiguration;
			buildSettings = {
				ALWAYS_SEARCH_USER_PATHS = NO;
				CLANG_ANALYZER_NONNULL = YES;
				CLANG_CXX_LANGUAGE_STANDARD = "gnu++0x";
				CLANG_CXX_LIBRARY = "libc++";
				CLANG_ENABLE_MODULES = YES;
				CLANG_ENABLE_OBJC_ARC = YES;
				CLANG_WARN_BOOL_CONVERSION = YES;
				CLANG_WARN_CONSTANT_CONVERSION = YES;
				CLANG_WARN_DIRECT_OBJC_ISA_USAGE = YES_ERROR;
				CLANG_WARN_EMPTY_BODY = YES;
				CLANG_WARN_ENUM_CONVERSION = YES;
				CLANG_WARN_INT_CONVERSION = YES;
				CLANG_WARN_OBJC_ROOT_CLASS = YES_ERROR;
				CLANG_WARN_UNREACHABLE_CODE = YES;
				CLANG_WARN__DUPLICATE_METHOD_MATCH = YES;
				"CODE_SIGN_IDENTITY[sdk=iphoneos*]" = "iPhone Developer";
				COPY_PHASE_STRIP = NO;
				DEBUG_INFORMATION_FORMAT = dwarf;
				ENABLE_STRICT_OBJC_MSGSEND = YES;
				ENABLE_TESTABILITY = YES;
				GCC_C_LANGUAGE_STANDARD = gnu99;
				GCC_DYNAMIC_NO_PIC = NO;
				GCC_NO_COMMON_BLOCKS = YES;
				GCC_OPTIMIZATION_LEVEL = 0;
				GCC_PREPROCESSOR_DEFINITIONS = (
					"DEBUG=1",
					"$(inherited)",
				);
				GCC_WARN_64_TO_32_BIT_CONVERSION = YES;
				GCC_WARN_ABOUT_RETURN_TYPE = YES_ERROR;
				GCC_WARN_UNDECLARED_SELECTOR = YES;
				GCC_WARN_UNINITIALIZED_AUTOS = YES_AGGRESSIVE;
				GCC_WARN_UNUSED_FUNCTION = YES;
				GCC_WARN_UNUSED_VARIABLE = YES;
				IPHONEOS_DEPLOYMENT_TARGET = 9.3;
				MTL_ENABLE_DEBUG_INFO = YES;
				ONLY_ACTIVE_ARCH = YES;
				SDKROOT = iphoneos;
				TARGETED_DEVICE_FAMILY = "1,2";
			};
			name = Debug;
		};
		3E4C13E61DA9DE60006641D4 /* Release */ = {
			isa = XCBuildConfiguration;
			buildSettings = {
				ALWAYS_SEARCH_USER_PATHS = NO;
				CLANG_ANALYZER_NONNULL = YES;
				CLANG_CXX_LANGUAGE_STANDARD = "gnu++0x";
				CLANG_CXX_LIBRARY = "libc++";
				CLANG_ENABLE_MODULES = YES;
				CLANG_ENABLE_OBJC_ARC = YES;
				CLANG_WARN_BOOL_CONVERSION = YES;
				CLANG_WARN_CONSTANT_CONVERSION = YES;
				CLANG_WARN_DIRECT_OBJC_ISA_USAGE = YES_ERROR;
				CLANG_WARN_EMPTY_BODY = YES;
				CLANG_WARN_ENUM_CONVERSION = YES;
				CLANG_WARN_INT_CONVERSION = YES;
				CLANG_WARN_OBJC_ROOT_CLASS = YES_ERROR;
				CLANG_WARN_UNREACHABLE_CODE = YES;
				CLANG_WARN__DUPLICATE_METHOD_MATCH = YES;
				"CODE_SIGN_IDENTITY[sdk=iphoneos*]" = "iPhone Developer";
				COPY_PHASE_STRIP = NO;
				DEBUG_INFORMATION_FORMAT = "dwarf-with-dsym";
				ENABLE_NS_ASSERTIONS = NO;
				ENABLE_STRICT_OBJC_MSGSEND = YES;
				GCC_C_LANGUAGE_STANDARD = gnu99;
				GCC_NO_COMMON_BLOCKS = YES;
				GCC_WARN_64_TO_32_BIT_CONVERSION = YES;
				GCC_WARN_ABOUT_RETURN_TYPE = YES_ERROR;
				GCC_WARN_UNDECLARED_SELECTOR = YES;
				GCC_WARN_UNINITIALIZED_AUTOS = YES_AGGRESSIVE;
				GCC_WARN_UNUSED_FUNCTION = YES;
				GCC_WARN_UNUSED_VARIABLE = YES;
				IPHONEOS_DEPLOYMENT_TARGET = 9.3;
				MTL_ENABLE_DEBUG_INFO = NO;
				SDKROOT = iphoneos;
				TARGETED_DEVICE_FAMILY = "1,2";
				VALIDATE_PRODUCT = YES;
			};
			name = Release;
		};
		3E4C13E81DA9DE60006641D4 /* Debug */ = {
			isa = XCBuildConfiguration;
			buildSettings = {
				ASSETCATALOG_COMPILER_APPICON_NAME = AppIcon;
				INFOPLIST_FILE = TestTwoPic/Info.plist;
				LD_RUNPATH_SEARCH_PATHS = "$(inherited) @executable_path/Frameworks";
				PRODUCT_BUNDLE_IDENTIFIER = YuciSister.TestTwoPic;
				PRODUCT_NAME = "$(TARGET_NAME)";
			};
			name = Debug;
		};
		3E4C13E91DA9DE60006641D4 /* Release */ = {
			isa = XCBuildConfiguration;
			buildSettings = {
				ASSETCATALOG_COMPILER_APPICON_NAME = AppIcon;
				INFOPLIST_FILE = TestTwoPic/Info.plist;
				LD_RUNPATH_SEARCH_PATHS = "$(inherited) @executable_path/Frameworks";
				PRODUCT_BUNDLE_IDENTIFIER = YuciSister.TestTwoPic;
				PRODUCT_NAME = "$(TARGET_NAME)";
			};
			name = Release;
		};
		3E4C13EB1DA9DE60006641D4 /* Debug */ = {
			isa = XCBuildConfiguration;
			buildSettings = {
				BUNDLE_LOADER = "$(TEST_HOST)";
				INFOPLIST_FILE = TestTwoPicTests/Info.plist;
				LD_RUNPATH_SEARCH_PATHS = "$(inherited) @executable_path/Frameworks @loader_path/Frameworks";
				PRODUCT_BUNDLE_IDENTIFIER = YuciSister.TestTwoPicTests;
				PRODUCT_NAME = "$(TARGET_NAME)";
				TEST_HOST = "$(BUILT_PRODUCTS_DIR)/TestTwoPic.app/TestTwoPic";
			};
			name = Debug;
		};
		3E4C13EC1DA9DE60006641D4 /* Release */ = {
			isa = XCBuildConfiguration;
			buildSettings = {
				BUNDLE_LOADER = "$(TEST_HOST)";
				INFOPLIST_FILE = TestTwoPicTests/Info.plist;
				LD_RUNPATH_SEARCH_PATHS = "$(inherited) @executable_path/Frameworks @loader_path/Frameworks";
				PRODUCT_BUNDLE_IDENTIFIER = YuciSister.TestTwoPicTests;
				PRODUCT_NAME = "$(TARGET_NAME)";
				TEST_HOST = "$(BUILT_PRODUCTS_DIR)/TestTwoPic.app/TestTwoPic";
			};
			name = Release;
		};
		3E4C13EE1DA9DE60006641D4 /* Debug */ = {
			isa = XCBuildConfiguration;
			buildSettings = {
				INFOPLIST_FILE = TestTwoPicUITests/Info.plist;
				LD_RUNPATH_SEARCH_PATHS = "$(inherited) @executable_path/Frameworks @loader_path/Frameworks";
				PRODUCT_BUNDLE_IDENTIFIER = YuciSister.TestTwoPicUITests;
				PRODUCT_NAME = "$(TARGET_NAME)";
				TEST_TARGET_NAME = TestTwoPic;
			};
			name = Debug;
		};
		3E4C13EF1DA9DE60006641D4 /* Release */ = {
			isa = XCBuildConfiguration;
			buildSettings = {
				INFOPLIST_FILE = TestTwoPicUITests/Info.plist;
				LD_RUNPATH_SEARCH_PATHS = "$(inherited) @executable_path/Frameworks @loader_path/Frameworks";
				PRODUCT_BUNDLE_IDENTIFIER = YuciSister.TestTwoPicUITests;
				PRODUCT_NAME = "$(TARGET_NAME)";
				TEST_TARGET_NAME = TestTwoPic;
			};
			name = Release;
		};
/* End XCBuildConfiguration section */

/* Begin XCConfigurationList section */
		3E4C13B21DA9DE60006641D4 /* Build configuration list for PBXProject "TestTwoPic" */ = {
			isa = XCConfigurationList;
			buildConfigurations = (
				3E4C13E51DA9DE60006641D4 /* Debug */,
				3E4C13E61DA9DE60006641D4 /* Release */,
			);
			defaultConfigurationIsVisible = 0;
			defaultConfigurationName = Release;
		};
		3E4C13E71DA9DE60006641D4 /* Build configuration list for PBXNativeTarget "TestTwoPic" */ = {
			isa = XCConfigurationList;
			buildConfigurations = (
				3E4C13E81DA9DE60006641D4 /* Debug */,
				3E4C13E91DA9DE60006641D4 /* Release */,
			);
			defaultConfigurationIsVisible = 0;
		};
		3E4C13EA1DA9DE60006641D4 /* Build configuration list for PBXNativeTarget "TestTwoPicTests" */ = {
			isa = XCConfigurationList;
			buildConfigurations = (
				3E4C13EB1DA9DE60006641D4 /* Debug */,
				3E4C13EC1DA9DE60006641D4 /* Release */,
			);
			defaultConfigurationIsVisible = 0;
		};
		3E4C13ED1DA9DE60006641D4 /* Build configuration list for PBXNativeTarget "TestTwoPicUITests" */ = {
			isa = XCConfigurationList;
			buildConfigurations = (
				3E4C13EE1DA9DE60006641D4 /* Debug */,
				3E4C13EF1DA9DE60006641D4 /* Release */,
			);
			defaultConfigurationIsVisible = 0;
		};
/* End XCConfigurationList section */

/* Begin XCVersionGroup section */
		3E4C13C61DA9DE60006641D4 /* TestTwoPic.xcdatamodeld */ = {
			isa = XCVersionGroup;
			children = (
				3E4C13C71DA9DE60006641D4 /* TestTwoPic.xcdatamodel */,
			);
			currentVersion = 3E4C13C71DA9DE60006641D4 /* TestTwoPic.xcdatamodel */;
			path = TestTwoPic.xcdatamodeld;
			sourceTree = "<group>";
			versionGroupType = wrapper.xcdatamodel;
		};
/* End XCVersionGroup section */
	};
	rootObject = 3E4C13AF1DA9DE60006641D4 /* Project object */;
}
